
Microsoft Visual Studio Solution File, Format Version 12.00
Project("{2150E333-8FDC-42A3-9474-1A3956D46DE8}") = "src", "src", "{6ED356A7-8B47-4613-AD01-C85CF28491BD}"
EndProject
Project("{2150E333-8FDC-42A3-9474-1A3956D46DE8}") = "tests", "tests", "{664D406C-2F83-48F0-BFC3-408D5CB53C65}"
EndProject
Project("{FAE04EC0-301F-11D3-BF4B-00C04F79EFBC}") = "Domain", "src\Domain\Domain.csproj", "{9411636D-6249-445C-BF11-3EC25F85DB02}"
EndProject
Project("{FAE04EC0-301F-11D3-BF4B-00C04F79EFBC}") = "Application", "src\Application\Application.csproj", "{5C3D2CE0-69CE-4AAB-8C1C-2F219DC4A356}"
EndProject
Project("{FAE04EC0-301F-11D3-BF4B-00C04F79EFBC}") = "Infrastructure", "src\Infrastructure\Infrastructure.csproj", "{F36B7030-EE0C-4E1C-B492-991C66DBC619}"
EndProject
Project("{FAE04EC0-301F-11D3-BF4B-00C04F79EFBC}") = "Presentation", "src\Presentation\Presentation.csproj", "{78241FDC-75F8-404D-911D-9C51705D3B1C}"
EndProject
Project("{FAE04EC0-301F-11D3-BF4B-00C04F79EFBC}") = "IntegrationTests", "tests\IntegrationTests\IntegrationTests.csproj", "{FBE0C8F9-5898-4C7F-9163-7562DEF8C9F7}"
EndProject
Project("{FAE04EC0-301F-11D3-BF4B-00C04F79EFBC}") = "Domain.Leads", "src\Domain.Leads\Domain.Leads.csproj", "{C08890D3-BEE4-4F69-8908-96FABF7BCD17}"
EndProject
Project("{FAE04EC0-301F-11D3-BF4B-00C04F79EFBC}") = "Domain.Tlmk", "src\Domain.Tlmk\Domain.Tlmk.csproj", "{27E141DC-73F3-42FE-A54B-BAE4A9CB769F}"
EndProject
Project("{FAE04EC0-301F-11D3-BF4B-00C04F79EFBC}") = "Contracts", "src\Contracts\Contracts.csproj", "{AC24A7E6-F678-438B-8751-0FDE363E0DC7}"
EndProject
Project("{FAE04EC0-301F-11D3-BF4B-00C04F79EFBC}") = "Application.UnitTests", "tests\Application.UnitTests\Application.UnitTests.csproj", "{9E6D4C8D-99EF-4B2A-8A7D-52605DEF18D4}"
EndProject
Project("{FAE04EC0-301F-11D3-BF4B-00C04F79EFBC}") = "Testing.Common", "tests\Testing.Common\Testing.Common.csproj", "{3C740DB7-E023-4087-92DD-6B4ACD495958}"
EndProject
Global
	GlobalSection(SolutionConfigurationPlatforms) = preSolution
		Debug|Any CPU = Debug|Any CPU
		Release|Any CPU = Release|Any CPU
	EndGlobalSection
	GlobalSection(NestedProjects) = preSolution
		{9411636D-6249-445C-BF11-3EC25F85DB02} = {6ED356A7-8B47-4613-AD01-C85CF28491BD}
		{5C3D2CE0-69CE-4AAB-8C1C-2F219DC4A356} = {6ED356A7-8B47-4613-AD01-C85CF28491BD}
		{F36B7030-EE0C-4E1C-B492-991C66DBC619} = {6ED356A7-8B47-4613-AD01-C85CF28491BD}
		{78241FDC-75F8-404D-911D-9C51705D3B1C} = {6ED356A7-8B47-4613-AD01-C85CF28491BD}
		{FBE0C8F9-5898-4C7F-9163-7562DEF8C9F7} = {664D406C-2F83-48F0-BFC3-408D5CB53C65}
		{C08890D3-BEE4-4F69-8908-96FABF7BCD17} = {6ED356A7-8B47-4613-AD01-C85CF28491BD}
		{27E141DC-73F3-42FE-A54B-BAE4A9CB769F} = {6ED356A7-8B47-4613-AD01-C85CF28491BD}
		{AC24A7E6-F678-438B-8751-0FDE363E0DC7} = {6ED356A7-8B47-4613-AD01-C85CF28491BD}
		{9E6D4C8D-99EF-4B2A-8A7D-52605DEF18D4} = {664D406C-2F83-48F0-BFC3-408D5CB53C65}
		{3C740DB7-E023-4087-92DD-6B4ACD495958} = {664D406C-2F83-48F0-BFC3-408D5CB53C65}
	EndGlobalSection
	GlobalSection(ProjectConfigurationPlatforms) = postSolution
		{9411636D-6249-445C-BF11-3EC25F85DB02}.Debug|Any CPU.ActiveCfg = Debug|Any CPU
		{9411636D-6249-445C-BF11-3EC25F85DB02}.Debug|Any CPU.Build.0 = Debug|Any CPU
		{9411636D-6249-445C-BF11-3EC25F85DB02}.Release|Any CPU.ActiveCfg = Release|Any CPU
		{9411636D-6249-445C-BF11-3EC25F85DB02}.Release|Any CPU.Build.0 = Release|Any CPU
		{5C3D2CE0-69CE-4AAB-8C1C-2F219DC4A356}.Debug|Any CPU.ActiveCfg = Debug|Any CPU
		{5C3D2CE0-69CE-4AAB-8C1C-2F219DC4A356}.Debug|Any CPU.Build.0 = Debug|Any CPU
		{5C3D2CE0-69CE-4AAB-8C1C-2F219DC4A356}.Release|Any CPU.ActiveCfg = Release|Any CPU
		{5C3D2CE0-69CE-4AAB-8C1C-2F219DC4A356}.Release|Any CPU.Build.0 = Release|Any CPU
		{F36B7030-EE0C-4E1C-B492-991C66DBC619}.Debug|Any CPU.ActiveCfg = Debug|Any CPU
		{F36B7030-EE0C-4E1C-B492-991C66DBC619}.Debug|Any CPU.Build.0 = Debug|Any CPU
		{F36B7030-EE0C-4E1C-B492-991C66DBC619}.Release|Any CPU.ActiveCfg = Release|Any CPU
		{F36B7030-EE0C-4E1C-B492-991C66DBC619}.Release|Any CPU.Build.0 = Release|Any CPU
		{78241FDC-75F8-404D-911D-9C51705D3B1C}.Debug|Any CPU.ActiveCfg = Debug|Any CPU
		{78241FDC-75F8-404D-911D-9C51705D3B1C}.Debug|Any CPU.Build.0 = Debug|Any CPU
		{78241FDC-75F8-404D-911D-9C51705D3B1C}.Release|Any CPU.ActiveCfg = Release|Any CPU
		{78241FDC-75F8-404D-911D-9C51705D3B1C}.Release|Any CPU.Build.0 = Release|Any CPU
		{FBE0C8F9-5898-4C7F-9163-7562DEF8C9F7}.Debug|Any CPU.ActiveCfg = Debug|Any CPU
		{FBE0C8F9-5898-4C7F-9163-7562DEF8C9F7}.Debug|Any CPU.Build.0 = Debug|Any CPU
		{FBE0C8F9-5898-4C7F-9163-7562DEF8C9F7}.Release|Any CPU.ActiveCfg = Release|Any CPU
		{FBE0C8F9-5898-4C7F-9163-7562DEF8C9F7}.Release|Any CPU.Build.0 = Release|Any CPU
		{C08890D3-BEE4-4F69-8908-96FABF7BCD17}.Debug|Any CPU.ActiveCfg = Debug|Any CPU
		{C08890D3-BEE4-4F69-8908-96FABF7BCD17}.Debug|Any CPU.Build.0 = Debug|Any CPU
		{C08890D3-BEE4-4F69-8908-96FABF7BCD17}.Release|Any CPU.ActiveCfg = Release|Any CPU
		{C08890D3-BEE4-4F69-8908-96FABF7BCD17}.Release|Any CPU.Build.0 = Release|Any CPU
		{27E141DC-73F3-42FE-A54B-BAE4A9CB769F}.Debug|Any CPU.ActiveCfg = Debug|Any CPU
		{27E141DC-73F3-42FE-A54B-BAE4A9CB769F}.Debug|Any CPU.Build.0 = Debug|Any CPU
		{27E141DC-73F3-42FE-A54B-BAE4A9CB769F}.Release|Any CPU.ActiveCfg = Release|Any CPU
		{27E141DC-73F3-42FE-A54B-BAE4A9CB769F}.Release|Any CPU.Build.0 = Release|Any CPU
		{AC24A7E6-F678-438B-8751-0FDE363E0DC7}.Debug|Any CPU.ActiveCfg = Debug|Any CPU
		{AC24A7E6-F678-438B-8751-0FDE363E0DC7}.Debug|Any CPU.Build.0 = Debug|Any CPU
		{AC24A7E6-F678-438B-8751-0FDE363E0DC7}.Release|Any CPU.ActiveCfg = Release|Any CPU
		{AC24A7E6-F678-438B-8751-0FDE363E0DC7}.Release|Any CPU.Build.0 = Release|Any CPU
		{9E6D4C8D-99EF-4B2A-8A7D-52605DEF18D4}.Debug|Any CPU.ActiveCfg = Debug|Any CPU
		{9E6D4C8D-99EF-4B2A-8A7D-52605DEF18D4}.Debug|Any CPU.Build.0 = Debug|Any CPU
		{9E6D4C8D-99EF-4B2A-8A7D-52605DEF18D4}.Release|Any CPU.ActiveCfg = Release|Any CPU
		{9E6D4C8D-99EF-4B2A-8A7D-52605DEF18D4}.Release|Any CPU.Build.0 = Release|Any CPU
		{3C740DB7-E023-4087-92DD-6B4ACD495958}.Debug|Any CPU.ActiveCfg = Debug|Any CPU
		{3C740DB7-E023-4087-92DD-6B4ACD495958}.Debug|Any CPU.Build.0 = Debug|Any CPU
		{3C740DB7-E023-4087-92DD-6B4ACD495958}.Release|Any CPU.ActiveCfg = Release|Any CPU
		{3C740DB7-E023-4087-92DD-6B4ACD495958}.Release|Any CPU.Build.0 = Release|Any CPU
	EndGlobalSection
EndGlobal
